
Microsoft Visual Studio Solution File, Format Version 12.00
# Visual Studio Version 17
VisualStudioVersion = 17.0.31912.275
MinimumVisualStudioVersion = 10.0.40219.1
Project("{9A19103F-16F7-4668-BE54-9A1E7A4F7556}") = "HTMLReadTest", "HTMLReadTest\HTMLReadTest.csproj", "{C4857568-8B61-47FD-A3BC-19EB593D7752}"
EndProject
Project("{9A19103F-16F7-4668-BE54-9A1E7A4F7556}") = "GetHTMLService", "GetHTMLService\GetHTMLService.csproj", "{CE3BD836-6FCD-4855-8707-E75683C75B02}"
EndProject
Global
	GlobalSection(SolutionConfigurationPlatforms) = preSolution
		Debug|Any CPU = Debug|Any CPU
		Release|Any CPU = Release|Any CPU
	EndGlobalSection
	GlobalSection(ProjectConfigurationPlatforms) = postSolution
		{C4857568-8B61-47FD-A3BC-19EB593D7752}.Debug|Any CPU.ActiveCfg = Debug|Any CPU
		{C4857568-8B61-47FD-A3BC-19EB593D7752}.Debug|Any CPU.Build.0 = Debug|Any CPU
		{C4857568-8B61-47FD-A3BC-19EB593D7752}.Release|Any CPU.ActiveCfg = Release|Any CPU
		{C4857568-8B61-47FD-A3BC-19EB593D7752}.Release|Any CPU.Build.0 = Release|Any CPU
		{CE3BD836-6FCD-4855-8707-E75683C75B02}.Debug|Any CPU.ActiveCfg = Debug|Any CPU
		{CE3BD836-6FCD-4855-8707-E75683C75B02}.Debug|Any CPU.Build.0 = Debug|Any CPU
		{CE3BD836-6FCD-4855-8707-E75683C75B02}.Release|Any CPU.ActiveCfg = Release|Any CPU
		{CE3BD836-6FCD-4855-8707-E75683C75B02}.Release|Any CPU.Build.0 = Release|Any CPU
	EndGlobalSection
	GlobalSection(SolutionProperties) = preSolution
		HideSolutionNode = FALSE
	EndGlobalSection
	GlobalSection(ExtensibilityGlobals) = postSolution
		SolutionGuid = {F30D84D3-9B3B-403B-A1C7-B9A2C018DEC3}
	EndGlobalSection
EndGlobal
